
Microsoft Visual Studio Solution File, Format Version 12.00
# Visual Studio Version 17
VisualStudioVersion = 17.14.36518.9 d17.14
MinimumVisualStudioVersion = 10.0.40219.1
Project("{FAE04EC0-301F-11D3-BF4B-00C04F79EFBC}") = "projekAkhir_RoichanAryshaputra", "projekAkhir_RoichanAryshaputra\projekAkhir_RoichanAryshaputra.csproj", "{DDF9DFD7-D5CF-46B6-ADDB-1D8A4BA87AB0}"
EndProject
Global
	GlobalSection(SolutionConfigurationPlatforms) = preSolution
		Debug|Any CPU = Debug|Any CPU
		Release|Any CPU = Release|Any CPU
	EndGlobalSection
	GlobalSection(ProjectConfigurationPlatforms) = postSolution
		{DDF9DFD7-D5CF-46B6-ADDB-1D8A4BA87AB0}.Debug|Any CPU.ActiveCfg = Debug|Any CPU
		{DDF9DFD7-D5CF-46B6-ADDB-1D8A4BA87AB0}.Debug|Any CPU.Build.0 = Debug|Any CPU
		{DDF9DFD7-D5CF-46B6-ADDB-1D8A4BA87AB0}.Release|Any CPU.ActiveCfg = Release|Any CPU
		{DDF9DFD7-D5CF-46B6-ADDB-1D8A4BA87AB0}.Release|Any CPU.Build.0 = Release|Any CPU
	EndGlobalSection
	GlobalSection(SolutionProperties) = preSolution
		HideSolutionNode = FALSE
	EndGlobalSection
	GlobalSection(ExtensibilityGlobals) = postSolution
		SolutionGuid = {5F99F50E-B144-412A-965B-FB8BE3EEBBE1}
	EndGlobalSection
EndGlobal
